{
  "name": "vsim_test",
  "lockfileVersion": 3,
  "requires": true,
  "packages": {
    "": {
      "name": "vsim_test",
      "dependencies": {
        "tree-sitter": "^0.25.0"
      },
      "devDependencies": {
        "@types/bun": "latest"
      },
      "peerDependencies": {
        "typescript": "^5"
      }
    },
    "node_modules/@types/bun": {
      "version": "1.3.14",
      "resolved": "https://registry.npmjs.org/@types/bun/-/bun-1.3.14.tgz",
      "integrity": "sha512-h1hFqFVcvAvD9j9K7ZW7vd82aSA+rTdznZa+5bwvCwqSB1jmmfLcbIWhOLx1/+boy/xmjgCs/OMUL8hRJSmnPw==",
      "dev": true,
      "license": "MIT",
      "dependencies": {
        "bun-types": "1.3.14"
      }
    },
    "node_modules/@types/node": {
      "version": "25.9.0",
      "dev": true,
      "license": "MIT",
      "dependencies": {
        "undici-types": ">=7.24.0 <7.24.7"
      }
    },
    "node_modules/bun-types": {
      "version": "1.3.14",
      "dev": true,
      "license": "MIT",
      "dependencies": {
        "@types/node": "*"
      }
    },
    "node_modules/node-addon-api": {
      "version": "8.8.0",
      "license": "MIT",
      "engines": {
        "node": "^18 || ^20 || >= 21"
      }
    },
    "node_modules/node-gyp-build": {
      "version": "4.8.4",
      "license": "MIT",
      "bin": {
        "node-gyp-build": "bin.js",
        "node-gyp-build-optional": "optional.js",
        "node-gyp-build-test": "build-test.js"
      }
    },
    "node_modules/tree-sitter": {
      "version": "0.25.0",
      "resolved": "https://registry.npmjs.org/tree-sitter/-/tree-sitter-0.25.0.tgz",
      "integrity": "sha512-PGZZzFW63eElZJDe/b/R/LbsjDDYJa5UEjLZJB59RQsMX+fo0j54fqBPn1MGKav/QNa0JR0zBiVaikYDWCj5KQ==",
      "hasInstallScript": true,
      "license": "MIT",
      "dependencies": {
        "node-addon-api": "^8.3.0",
        "node-gyp-build": "^4.8.4"
      }
    },
    "node_modules/typescript": {
      "version": "5.9.3",
      "license": "Apache-2.0",
      "peer": true,
      "bin": {
        "tsc": "bin/tsc",
        "tsserver": "bin/tsserver"
      },
      "engines": {
        "node": ">=14.17"
      }
    },
    "node_modules/undici-types": {
      "version": "7.24.6",
      "dev": true,
      "license": "MIT"
    }
  }
}
